PODS:
  - ObjectMapper (1.2.0)
  - SVProgressHUD (2.0.3)

DEPENDENCIES:
  - ObjectMapper (~> 1.2.0)
  - SVProgressHUD (~> 2.0.3)

SPEC CHECKSUMS:
  ObjectMapper: b1e9c7c8a9f6400b72690c80072c131504caa66f
  SVProgressHUD: b0830714205bea1317ea1a2ebc71e5633af334d4

PODFILE CHECKSUM: 05dca25563b082dc2c1a53f498adef619f836992

COCOAPODS: 1.0.0
