// !$*UTF8*$!
{
	archiveVersion = 1;
	classes = {
	};
	objectVersion = 46;
	objects = {

/* Begin PBXBuildFile section */
		3A5AD65C1BFF5FCA00A9C7F2 /* BuildViewModel.swift in Sources */ = {isa = PBXBuildFile; fileRef = 3A5AD65B1BFF5FCA00A9C7F2 /* BuildViewModel.swift */; };
		3A5AD6601BFF609500A9C7F2 /* CircleApiService.swift in Sources */ = {isa = PBXBuildFile; fileRef = 3A5AD65F1BFF609500A9C7F2 /* CircleApiService.swift */; };
		3ABE47C31C04BDDE0013ED3B /* Extensions.swift in Sources */ = {isa = PBXBuildFile; fileRef = 3ABE47C21C04BDDE0013ED3B /* Extensions.swift */; };
		3ABE47C51C087E7E0013ED3B /* SettingsViewController.swift in Sources */ = {isa = PBXBuildFile; fileRef = 3ABE47C41C087E7E0013ED3B /* SettingsViewController.swift */; };
		3ABE47C71C087FFA0013ED3B /* LocalStorageManager.swift in Sources */ = {isa = PBXBuildFile; fileRef = 3ABE47C61C087FFA0013ED3B /* LocalStorageManager.swift */; };
		5657A4061BFB536A00EBA81E /* AppDelegate.swift in Sources */ = {isa = PBXBuildFile; fileRef = 5657A4051BFB536A00EBA81E /* AppDelegate.swift */; };
		5657A4081BFB536A00EBA81E /* ViewController.swift in Sources */ = {isa = PBXBuildFile; fileRef = 5657A4071BFB536A00EBA81E /* ViewController.swift */; };
		5657A40B1BFB536A00EBA81E /* Main.storyboard in Resources */ = {isa = PBXBuildFile; fileRef = 5657A4091BFB536A00EBA81E /* Main.storyboard */; };
		5657A40D1BFB536A00EBA81E /* Assets.xcassets in Resources */ = {isa = PBXBuildFile; fileRef = 5657A40C1BFB536A00EBA81E /* Assets.xcassets */; };
		5657A4181BFB536B00EBA81E /* CircleCiTests.swift in Sources */ = {isa = PBXBuildFile; fileRef = 5657A4171BFB536B00EBA81E /* CircleCiTests.swift */; };
		5657A4231BFB536B00EBA81E /* CircleCiUITests.swift in Sources */ = {isa = PBXBuildFile; fileRef = 5657A4221BFB536B00EBA81E /* CircleCiUITests.swift */; };
		5657A43A1BFDE8D800EBA81E /* Branch.swift in Sources */ = {isa = PBXBuildFile; fileRef = 5657A4311BFDE8D800EBA81E /* Branch.swift */; };
		5657A43B1BFDE8D800EBA81E /* Build.swift in Sources */ = {isa = PBXBuildFile; fileRef = 5657A4321BFDE8D800EBA81E /* Build.swift */; };
		5657A43C1BFDE8D800EBA81E /* BuildAction.swift in Sources */ = {isa = PBXBuildFile; fileRef = 5657A4331BFDE8D800EBA81E /* BuildAction.swift */; };
		5657A43D1BFDE8D800EBA81E /* BuildStep.swift in Sources */ = {isa = PBXBuildFile; fileRef = 5657A4341BFDE8D800EBA81E /* BuildStep.swift */; };
		5657A43F1BFDE8D800EBA81E /* Commit.swift in Sources */ = {isa = PBXBuildFile; fileRef = 5657A4361BFDE8D800EBA81E /* Commit.swift */; };
		5657A4401BFDE8D800EBA81E /* Node.swift in Sources */ = {isa = PBXBuildFile; fileRef = 5657A4371BFDE8D800EBA81E /* Node.swift */; };
		5657A4411BFDE8D800EBA81E /* Project.swift in Sources */ = {isa = PBXBuildFile; fileRef = 5657A4381BFDE8D800EBA81E /* Project.swift */; };
		5657A4421BFDE8D800EBA81E /* User.swift in Sources */ = {isa = PBXBuildFile; fileRef = 5657A4391BFDE8D800EBA81E /* User.swift */; };
		5657A44C1BFF3BB600EBA81E /* BuildCollectionViewCell.swift in Sources */ = {isa = PBXBuildFile; fileRef = 5657A44B1BFF3BB600EBA81E /* BuildCollectionViewCell.swift */; };
		5657A44E1BFF6E3000EBA81E /* UIAlertControllerManager.swift in Sources */ = {isa = PBXBuildFile; fileRef = 5657A44D1BFF6E3000EBA81E /* UIAlertControllerManager.swift */; };
		AA8A4D45019E7A3264C507A4 /* Pods_CircleCi.framework in Frameworks */ = {isa = PBXBuildFile; fileRef = 7AC403674316499630BF25E9 /* Pods_CircleCi.framework */; };
		D55C245A8D9EB081D8055B7C /* Pods_CircleCiTests.framework in Frameworks */ = {isa = PBXBuildFile; fileRef = 1AE03AFB3FFE2BC84C843E5E /* Pods_CircleCiTests.framework */; };
		E070439AA3F399F5391B1CBE /* Pods_CircleCiUITests.framework in Frameworks */ = {isa = PBXBuildFile; fileRef = 7298F3DDB0B0A7F882A1780E /* Pods_CircleCiUITests.framework */; };
/* End PBXBuildFile section */

/* Begin PBXContainerItemProxy section */
		5657A4141BFB536B00EBA81E /* PBXContainerItemProxy */ = {
			isa = PBXContainerItemProxy;
			containerPortal = 5657A3FA1BFB536A00EBA81E /* Project object */;
			proxyType = 1;
			remoteGlobalIDString = 5657A4011BFB536A00EBA81E;
			remoteInfo = CircleCi;
		};
		5657A41F1BFB536B00EBA81E /* PBXContainerItemProxy */ = {
			isa = PBXContainerItemProxy;
			containerPortal = 5657A3FA1BFB536A00EBA81E /* Project object */;
			proxyType = 1;
			remoteGlobalIDString = 5657A4011BFB536A00EBA81E;
			remoteInfo = CircleCi;
		};
/* End PBXContainerItemProxy section */

/* Begin PBXFileReference section */
		1AE03AFB3FFE2BC84C843E5E /* Pods_CircleCiTests.framework */ = {isa = PBXFileReference; explicitFileType = wrapper.framework; includeInIndex = 0; path = Pods_CircleCiTests.framework; sourceTree = BUILT_PRODUCTS_DIR; };
		2B4D31B7C17B3AEF80F0860E /* Pods-CircleCiUITests.release.xcconfig */ = {isa = PBXFileReference; includeInIndex = 1; lastKnownFileType = text.xcconfig; name = "Pods-CircleCiUITests.release.xcconfig"; path = "Pods/Target Support Files/Pods-CircleCiUITests/Pods-CircleCiUITests.release.xcconfig"; sourceTree = "<group>"; };
		3A5AD65B1BFF5FCA00A9C7F2 /* BuildViewModel.swift */ = {isa = PBXFileReference; fileEncoding = 4; lastKnownFileType = sourcecode.swift; name = BuildViewModel.swift; path = ViewModel/BuildViewModel.swift; sourceTree = "<group>"; };
		3A5AD65F1BFF609500A9C7F2 /* CircleApiService.swift */ = {isa = PBXFileReference; fileEncoding = 4; lastKnownFileType = sourcecode.swift; name = CircleApiService.swift; path = Services/CircleApiService.swift; sourceTree = "<group>"; };
		3ABE47C21C04BDDE0013ED3B /* Extensions.swift */ = {isa = PBXFileReference; fileEncoding = 4; lastKnownFileType = sourcecode.swift; path = Extensions.swift; sourceTree = "<group>"; };
		3ABE47C41C087E7E0013ED3B /* SettingsViewController.swift */ = {isa = PBXFileReference; fileEncoding = 4; lastKnownFileType = sourcecode.swift; path = SettingsViewController.swift; sourceTree = "<group>"; };
		3ABE47C61C087FFA0013ED3B /* LocalStorageManager.swift */ = {isa = PBXFileReference; fileEncoding = 4; lastKnownFileType = sourcecode.swift; name = LocalStorageManager.swift; path = Manager/LocalStorageManager.swift; sourceTree = "<group>"; };
		5657A4021BFB536A00EBA81E /* CircleCi.app */ = {isa = PBXFileReference; explicitFileType = wrapper.application; includeInIndex = 0; path = CircleCi.app; sourceTree = BUILT_PRODUCTS_DIR; };
		5657A4051BFB536A00EBA81E /* AppDelegate.swift */ = {isa = PBXFileReference; lastKnownFileType = sourcecode.swift; path = AppDelegate.swift; sourceTree = "<group>"; };
		5657A4071BFB536A00EBA81E /* ViewController.swift */ = {isa = PBXFileReference; lastKnownFileType = sourcecode.swift; path = ViewController.swift; sourceTree = "<group>"; };
		5657A40A1BFB536A00EBA81E /* Base */ = {isa = PBXFileReference; lastKnownFileType = file.storyboard; name = Base; path = Base.lproj/Main.storyboard; sourceTree = "<group>"; };
		5657A40C1BFB536A00EBA81E /* Assets.xcassets */ = {isa = PBXFileReference; lastKnownFileType = folder.assetcatalog; path = Assets.xcassets; sourceTree = "<group>"; };
		5657A40E1BFB536A00EBA81E /* Info.plist */ = {isa = PBXFileReference; lastKnownFileType = text.plist.xml; path = Info.plist; sourceTree = "<group>"; };
		5657A4131BFB536B00EBA81E /* CircleCiTests.xctest */ = {isa = PBXFileReference; explicitFileType = wrapper.cfbundle; includeInIndex = 0; path = CircleCiTests.xctest; sourceTree = BUILT_PRODUCTS_DIR; };
		5657A4171BFB536B00EBA81E /* CircleCiTests.swift */ = {isa = PBXFileReference; lastKnownFileType = sourcecode.swift; path = CircleCiTests.swift; sourceTree = "<group>"; };
		5657A4191BFB536B00EBA81E /* Info.plist */ = {isa = PBXFileReference; lastKnownFileType = text.plist.xml; path = Info.plist; sourceTree = "<group>"; };
		5657A41E1BFB536B00EBA81E /* CircleCiUITests.xctest */ = {isa = PBXFileReference; explicitFileType = wrapper.cfbundle; includeInIndex = 0; path = CircleCiUITests.xctest; sourceTree = BUILT_PRODUCTS_DIR; };
		5657A4221BFB536B00EBA81E /* CircleCiUITests.swift */ = {isa = PBXFileReference; lastKnownFileType = sourcecode.swift; path = CircleCiUITests.swift; sourceTree = "<group>"; };
		5657A4241BFB536B00EBA81E /* Info.plist */ = {isa = PBXFileReference; lastKnownFileType = text.plist.xml; path = Info.plist; sourceTree = "<group>"; };
		5657A4311BFDE8D800EBA81E /* Branch.swift */ = {isa = PBXFileReference; fileEncoding = 4; lastKnownFileType = sourcecode.swift; name = Branch.swift; path = Models/Branch.swift; sourceTree = "<group>"; };
		5657A4321BFDE8D800EBA81E /* Build.swift */ = {isa = PBXFileReference; fileEncoding = 4; lastKnownFileType = sourcecode.swift; name = Build.swift; path = Models/Build.swift; sourceTree = "<group>"; };
		5657A4331BFDE8D800EBA81E /* BuildAction.swift */ = {isa = PBXFileReference; fileEncoding = 4; lastKnownFileType = sourcecode.swift; name = BuildAction.swift; path = Models/BuildAction.swift; sourceTree = "<group>"; };
		5657A4341BFDE8D800EBA81E /* BuildStep.swift */ = {isa = PBXFileReference; fileEncoding = 4; lastKnownFileType = sourcecode.swift; name = BuildStep.swift; path = Models/BuildStep.swift; sourceTree = "<group>"; };
		5657A4361BFDE8D800EBA81E /* Commit.swift */ = {isa = PBXFileReference; fileEncoding = 4; lastKnownFileType = sourcecode.swift; name = Commit.swift; path = Models/Commit.swift; sourceTree = "<group>"; };
		5657A4371BFDE8D800EBA81E /* Node.swift */ = {isa = PBXFileReference; fileEncoding = 4; lastKnownFileType = sourcecode.swift; name = Node.swift; path = Models/Node.swift; sourceTree = "<group>"; };
		5657A4381BFDE8D800EBA81E /* Project.swift */ = {isa = PBXFileReference; fileEncoding = 4; lastKnownFileType = sourcecode.swift; name = Project.swift; path = Models/Project.swift; sourceTree = "<group>"; };
		5657A4391BFDE8D800EBA81E /* User.swift */ = {isa = PBXFileReference; fileEncoding = 4; lastKnownFileType = sourcecode.swift; name = User.swift; path = Models/User.swift; sourceTree = "<group>"; };
		5657A4431BFE05EB00EBA81E /* CircleCi-Bridging-Header.h */ = {isa = PBXFileReference; lastKnownFileType = sourcecode.c.h; path = "CircleCi-Bridging-Header.h"; sourceTree = "<group>"; };
		5657A44B1BFF3BB600EBA81E /* BuildCollectionViewCell.swift */ = {isa = PBXFileReference; fileEncoding = 4; lastKnownFileType = sourcecode.swift; name = BuildCollectionViewCell.swift; path = Cells/BuildCollectionViewCell.swift; sourceTree = "<group>"; };
		5657A44D1BFF6E3000EBA81E /* UIAlertControllerManager.swift */ = {isa = PBXFileReference; fileEncoding = 4; lastKnownFileType = sourcecode.swift; name = UIAlertControllerManager.swift; path = Manager/UIAlertControllerManager.swift; sourceTree = "<group>"; };
		6E74CB21A3069C08F72D9CE6 /* Pods-CircleCi.release.xcconfig */ = {isa = PBXFileReference; includeInIndex = 1; lastKnownFileType = text.xcconfig; name = "Pods-CircleCi.release.xcconfig"; path = "Pods/Target Support Files/Pods-CircleCi/Pods-CircleCi.release.xcconfig"; sourceTree = "<group>"; };
		7298F3DDB0B0A7F882A1780E /* Pods_CircleCiUITests.framework */ = {isa = PBXFileReference; explicitFileType = wrapper.framework; includeInIndex = 0; path = Pods_CircleCiUITests.framework; sourceTree = BUILT_PRODUCTS_DIR; };
		7AC403674316499630BF25E9 /* Pods_CircleCi.framework */ = {isa = PBXFileReference; explicitFileType = wrapper.framework; includeInIndex = 0; path = Pods_CircleCi.framework; sourceTree = BUILT_PRODUCTS_DIR; };
		A7F772804311B48E8BDC18B2 /* Pods-CircleCiTests.release.xcconfig */ = {isa = PBXFileReference; includeInIndex = 1; lastKnownFileType = text.xcconfig; name = "Pods-CircleCiTests.release.xcconfig"; path = "Pods/Target Support Files/Pods-CircleCiTests/Pods-CircleCiTests.release.xcconfig"; sourceTree = "<group>"; };
		B1D673EEDFDA7A83332DE704 /* Pods-CircleCiUITests.debug.xcconfig */ = {isa = PBXFileReference; includeInIndex = 1; lastKnownFileType = text.xcconfig; name = "Pods-CircleCiUITests.debug.xcconfig"; path = "Pods/Target Support Files/Pods-CircleCiUITests/Pods-CircleCiUITests.debug.xcconfig"; sourceTree = "<group>"; };
		BF1517B43CAFE43A78AAC7B2 /* Pods-CircleCi.debug.xcconfig */ = {isa = PBXFileReference; includeInIndex = 1; lastKnownFileType = text.xcconfig; name = "Pods-CircleCi.debug.xcconfig"; path = "Pods/Target Support Files/Pods-CircleCi/Pods-CircleCi.debug.xcconfig"; sourceTree = "<group>"; };
		CF5FF3C8CB7C75F790A8B8D2 /* Pods-CircleCiTests.debug.xcconfig */ = {isa = PBXFileReference; includeInIndex = 1; lastKnownFileType = text.xcconfig; name = "Pods-CircleCiTests.debug.xcconfig"; path = "Pods/Target Support Files/Pods-CircleCiTests/Pods-CircleCiTests.debug.xcconfig"; sourceTree = "<group>"; };
/* End PBXFileReference section */

/* Begin PBXFrameworksBuildPhase section */
		5657A3FF1BFB536A00EBA81E /* Frameworks */ = {
			isa = PBXFrameworksBuildPhase;
			buildActionMask = 2147483647;
			files = (
				AA8A4D45019E7A3264C507A4 /* Pods_CircleCi.framework in Frameworks */,
			);
			runOnlyForDeploymentPostprocessing = 0;
		};
		5657A4101BFB536A00EBA81E /* Frameworks */ = {
			isa = PBXFrameworksBuildPhase;
			buildActionMask = 2147483647;
			files = (
				D55C245A8D9EB081D8055B7C /* Pods_CircleCiTests.framework in Frameworks */,
			);
			runOnlyForDeploymentPostprocessing = 0;
		};
		5657A41B1BFB536B00EBA81E /* Frameworks */ = {
			isa = PBXFrameworksBuildPhase;
			buildActionMask = 2147483647;
			files = (
				E070439AA3F399F5391B1CBE /* Pods_CircleCiUITests.framework in Frameworks */,
			);
			runOnlyForDeploymentPostprocessing = 0;
		};
/* End PBXFrameworksBuildPhase section */

/* Begin PBXGroup section */
		3A5AD6571BFF5F7200A9C7F2 /* ViewModel */ = {
			isa = PBXGroup;
			children = (
				3A5AD65B1BFF5FCA00A9C7F2 /* BuildViewModel.swift */,
			);
			name = ViewModel;
			sourceTree = "<group>";
		};
		3A5AD65A1BFF5FB000A9C7F2 /* Manager */ = {
			isa = PBXGroup;
			children = (
				5657A44D1BFF6E3000EBA81E /* UIAlertControllerManager.swift */,
				3ABE47C61C087FFA0013ED3B /* LocalStorageManager.swift */,
			);
			name = Manager;
			sourceTree = "<group>";
		};
		3A5AD65D1BFF5FD000A9C7F2 /* view */ = {
			isa = PBXGroup;
			children = (
				5657A4071BFB536A00EBA81E /* ViewController.swift */,
				3ABE47C41C087E7E0013ED3B /* SettingsViewController.swift */,
			);
			name = view;
			sourceTree = "<group>";
		};
		3A5AD65E1BFF607B00A9C7F2 /* Networking */ = {
			isa = PBXGroup;
			children = (
				3A5AD65F1BFF609500A9C7F2 /* CircleApiService.swift */,
			);
			name = Networking;
			sourceTree = "<group>";
		};
		45B178878E27C7946CC6B24B /* Pods */ = {
			isa = PBXGroup;
			children = (
				BF1517B43CAFE43A78AAC7B2 /* Pods-CircleCi.debug.xcconfig */,
				6E74CB21A3069C08F72D9CE6 /* Pods-CircleCi.release.xcconfig */,
				CF5FF3C8CB7C75F790A8B8D2 /* Pods-CircleCiTests.debug.xcconfig */,
				A7F772804311B48E8BDC18B2 /* Pods-CircleCiTests.release.xcconfig */,
				B1D673EEDFDA7A83332DE704 /* Pods-CircleCiUITests.debug.xcconfig */,
				2B4D31B7C17B3AEF80F0860E /* Pods-CircleCiUITests.release.xcconfig */,
			);
			name = Pods;
			sourceTree = "<group>";
		};
		5657A3F91BFB536A00EBA81E = {
			isa = PBXGroup;
			children = (
				5657A4041BFB536A00EBA81E /* CircleCi */,
				5657A4161BFB536B00EBA81E /* CircleCiTests */,
				5657A4211BFB536B00EBA81E /* CircleCiUITests */,
				5657A4031BFB536A00EBA81E /* Products */,
				56D7B429222ED075697EF605 /* Frameworks */,
				45B178878E27C7946CC6B24B /* Pods */,
			);
			sourceTree = "<group>";
		};
		5657A4031BFB536A00EBA81E /* Products */ = {
			isa = PBXGroup;
			children = (
				5657A4021BFB536A00EBA81E /* CircleCi.app */,
				5657A4131BFB536B00EBA81E /* CircleCiTests.xctest */,
				5657A41E1BFB536B00EBA81E /* CircleCiUITests.xctest */,
			);
			name = Products;
			sourceTree = "<group>";
		};
		5657A4041BFB536A00EBA81E /* CircleCi */ = {
			isa = PBXGroup;
			children = (
				3ABE47C21C04BDDE0013ED3B /* Extensions.swift */,
				3A5AD65E1BFF607B00A9C7F2 /* Networking */,
				3A5AD65D1BFF5FD000A9C7F2 /* view */,
				3A5AD65A1BFF5FB000A9C7F2 /* Manager */,
				3A5AD6571BFF5F7200A9C7F2 /* ViewModel */,
				5657A44A1BFF3B9200EBA81E /* Cells */,
				5657A4301BFDE88600EBA81E /* Models */,
				5657A4051BFB536A00EBA81E /* AppDelegate.swift */,
				5657A4091BFB536A00EBA81E /* Main.storyboard */,
				5657A40C1BFB536A00EBA81E /* Assets.xcassets */,
				5657A40E1BFB536A00EBA81E /* Info.plist */,
				5657A4431BFE05EB00EBA81E /* CircleCi-Bridging-Header.h */,
			);
			path = CircleCi;
			sourceTree = "<group>";
		};
		5657A4161BFB536B00EBA81E /* CircleCiTests */ = {
			isa = PBXGroup;
			children = (
				5657A4171BFB536B00EBA81E /* CircleCiTests.swift */,
				5657A4191BFB536B00EBA81E /* Info.plist */,
			);
			path = CircleCiTests;
			sourceTree = "<group>";
		};
		5657A4211BFB536B00EBA81E /* CircleCiUITests */ = {
			isa = PBXGroup;
			children = (
				5657A4221BFB536B00EBA81E /* CircleCiUITests.swift */,
				5657A4241BFB536B00EBA81E /* Info.plist */,
			);
			path = CircleCiUITests;
			sourceTree = "<group>";
		};
		5657A4301BFDE88600EBA81E /* Models */ = {
			isa = PBXGroup;
			children = (
				5657A4311BFDE8D800EBA81E /* Branch.swift */,
				5657A4321BFDE8D800EBA81E /* Build.swift */,
				5657A4331BFDE8D800EBA81E /* BuildAction.swift */,
				5657A4341BFDE8D800EBA81E /* BuildStep.swift */,
				5657A4361BFDE8D800EBA81E /* Commit.swift */,
				5657A4371BFDE8D800EBA81E /* Node.swift */,
				5657A4381BFDE8D800EBA81E /* Project.swift */,
				5657A4391BFDE8D800EBA81E /* User.swift */,
			);
			name = Models;
			sourceTree = "<group>";
		};
		5657A44A1BFF3B9200EBA81E /* Cells */ = {
			isa = PBXGroup;
			children = (
				5657A44B1BFF3BB600EBA81E /* BuildCollectionViewCell.swift */,
			);
			name = Cells;
			sourceTree = "<group>";
		};
		56D7B429222ED075697EF605 /* Frameworks */ = {
			isa = PBXGroup;
			children = (
				7AC403674316499630BF25E9 /* Pods_CircleCi.framework */,
				1AE03AFB3FFE2BC84C843E5E /* Pods_CircleCiTests.framework */,
				7298F3DDB0B0A7F882A1780E /* Pods_CircleCiUITests.framework */,
			);
			name = Frameworks;
			sourceTree = "<group>";
		};
/* End PBXGroup section */

/* Begin PBXNativeTarget section */
		5657A4011BFB536A00EBA81E /* CircleCi */ = {
			isa = PBXNativeTarget;
			buildConfigurationList = 5657A4271BFB536B00EBA81E /* Build configuration list for PBXNativeTarget "CircleCi" */;
			buildPhases = (
				01E51ED1621A8FA06A623791 /* [CP] Check Pods Manifest.lock */,
				5657A3FE1BFB536A00EBA81E /* Sources */,
				5657A3FF1BFB536A00EBA81E /* Frameworks */,
				5657A4001BFB536A00EBA81E /* Resources */,
				A72F286B628EB47870A8ED8C /* [CP] Embed Pods Frameworks */,
				210D4A2FF95687BD6CA39B0B /* [CP] Copy Pods Resources */,
			);
			buildRules = (
			);
			dependencies = (
			);
			name = CircleCi;
			productName = CircleCi;
			productReference = 5657A4021BFB536A00EBA81E /* CircleCi.app */;
			productType = "com.apple.product-type.application";
		};
		5657A4121BFB536A00EBA81E /* CircleCiTests */ = {
			isa = PBXNativeTarget;
			buildConfigurationList = 5657A42A1BFB536B00EBA81E /* Build configuration list for PBXNativeTarget "CircleCiTests" */;
			buildPhases = (
				1B237658FCF2A7683D820B5F /* [CP] Check Pods Manifest.lock */,
				5657A40F1BFB536A00EBA81E /* Sources */,
				5657A4101BFB536A00EBA81E /* Frameworks */,
				5657A4111BFB536A00EBA81E /* Resources */,
				99696C925227746EC0ABB02D /* [CP] Embed Pods Frameworks */,
				CD2CBAE942020DA8F8267F0C /* [CP] Copy Pods Resources */,
			);
			buildRules = (
			);
			dependencies = (
				5657A4151BFB536B00EBA81E /* PBXTargetDependency */,
			);
			name = CircleCiTests;
			productName = CircleCiTests;
			productReference = 5657A4131BFB536B00EBA81E /* CircleCiTests.xctest */;
			productType = "com.apple.product-type.bundle.unit-test";
		};
		5657A41D1BFB536B00EBA81E /* CircleCiUITests */ = {
			isa = PBXNativeTarget;
			buildConfigurationList = 5657A42D1BFB536B00EBA81E /* Build configuration list for PBXNativeTarget "CircleCiUITests" */;
			buildPhases = (
				5844526872B4964358078273 /* [CP] Check Pods Manifest.lock */,
				5657A41A1BFB536B00EBA81E /* Sources */,
				5657A41B1BFB536B00EBA81E /* Frameworks */,
				5657A41C1BFB536B00EBA81E /* Resources */,
				AF4BB40C9950CD5FD0C50E7A /* [CP] Copy Pods Resources */,
				52D12AECA34E754287F071CF /* [CP] Embed Pods Frameworks */,
			);
			buildRules = (
			);
			dependencies = (
				5657A4201BFB536B00EBA81E /* PBXTargetDependency */,
			);
			name = CircleCiUITests;
			productName = CircleCiUITests;
			productReference = 5657A41E1BFB536B00EBA81E /* CircleCiUITests.xctest */;
			productType = "com.apple.product-type.bundle.ui-testing";
		};
/* End PBXNativeTarget section */

/* Begin PBXProject section */
		5657A3FA1BFB536A00EBA81E /* Project object */ = {
			isa = PBXProject;
			attributes = {
				LastSwiftUpdateCheck = 0710;
				LastUpgradeCheck = 0710;
				ORGANIZATIONNAME = "Marks and Spencer";
				TargetAttributes = {
					5657A4011BFB536A00EBA81E = {
						CreatedOnToolsVersion = 7.1;
						DevelopmentTeam = LFS8E76U8X;
						LastSwiftMigration = 0810;
					};
					5657A4121BFB536A00EBA81E = {
						CreatedOnToolsVersion = 7.1;
						LastSwiftMigration = 0810;
						TestTargetID = 5657A4011BFB536A00EBA81E;
					};
					5657A41D1BFB536B00EBA81E = {
						CreatedOnToolsVersion = 7.1;
						LastSwiftMigration = 0810;
						TestTargetID = 5657A4011BFB536A00EBA81E;
					};
				};
			};
			buildConfigurationList = 5657A3FD1BFB536A00EBA81E /* Build configuration list for PBXProject "CircleCi" */;
			compatibilityVersion = "Xcode 3.2";
			developmentRegion = English;
			hasScannedForEncodings = 0;
			knownRegions = (
				en,
				Base,
			);
			mainGroup = 5657A3F91BFB536A00EBA81E;
			productRefGroup = 5657A4031BFB536A00EBA81E /* Products */;
			projectDirPath = "";
			projectRoot = "";
			targets = (
				5657A4011BFB536A00EBA81E /* CircleCi */,
				5657A4121BFB536A00EBA81E /* CircleCiTests */,
				5657A41D1BFB536B00EBA81E /* CircleCiUITests */,
			);
		};
/* End PBXProject section */

/* Begin PBXResourcesBuildPhase section */
		5657A4001BFB536A00EBA81E /* Resources */ = {
			isa = PBXResourcesBuildPhase;
			buildActionMask = 2147483647;
			files = (
				5657A40D1BFB536A00EBA81E /* Assets.xcassets in Resources */,
				5657A40B1BFB536A00EBA81E /* Main.storyboard in Resources */,
			);
			runOnlyForDeploymentPostprocessing = 0;
		};
		5657A4111BFB536A00EBA81E /* Resources */ = {
			isa = PBXResourcesBuildPhase;
			buildActionMask = 2147483647;
			files = (
			);
			runOnlyForDeploymentPostprocessing = 0;
		};
		5657A41C1BFB536B00EBA81E /* Resources */ = {
			isa = PBXResourcesBuildPhase;
			buildActionMask = 2147483647;
			files = (
			);
			runOnlyForDeploymentPostprocessing = 0;
		};
/* End PBXResourcesBuildPhase section */

/* Begin PBXShellScriptBuildPhase section */
		01E51ED1621A8FA06A623791 /* [CP] Check Pods Manifest.lock */ = {
			isa = PBXShellScriptBuildPhase;
			buildActionMask = 2147483647;
			files = (
			);
			inputPaths = (
			);
			name = "[CP] Check Pods Manifest.lock";
			outputPaths = (
			);
			runOnlyForDeploymentPostprocessing = 0;
			shellPath = /bin/sh;
			shellScript = "diff \"${PODS_ROOT}/../Podfile.lock\" \"${PODS_ROOT}/Manifest.lock\" > /dev/null\nif [ $? != 0 ] ; then\n    # print error to STDERR\n    echo \"error: The sandbox is not in sync with the Podfile.lock. Run 'pod install' or update your CocoaPods installation.\" >&2\n    exit 1\nfi\n";
			showEnvVarsInLog = 0;
		};
		1B237658FCF2A7683D820B5F /* [CP] Check Pods Manifest.lock */ = {
			isa = PBXShellScriptBuildPhase;
			buildActionMask = 2147483647;
			files = (
			);
			inputPaths = (
			);
			name = "[CP] Check Pods Manifest.lock";
			outputPaths = (
			);
			runOnlyForDeploymentPostprocessing = 0;
			shellPath = /bin/sh;
			shellScript = "diff \"${PODS_ROOT}/../Podfile.lock\" \"${PODS_ROOT}/Manifest.lock\" > /dev/null\nif [ $? != 0 ] ; then\n    # print error to STDERR\n    echo \"error: The sandbox is not in sync with the Podfile.lock. Run 'pod install' or update your CocoaPods installation.\" >&2\n    exit 1\nfi\n";
			showEnvVarsInLog = 0;
		};
		210D4A2FF95687BD6CA39B0B /* [CP] Copy Pods Resources */ = {
			isa = PBXShellScriptBuildPhase;
			buildActionMask = 2147483647;
			files = (
			);
			inputPaths = (
			);
			name = "[CP] Copy Pods Resources";
			outputPaths = (
			);
			runOnlyForDeploymentPostprocessing = 0;
			shellPath = /bin/sh;
			shellScript = "\"${SRCROOT}/Pods/Target Support Files/Pods-CircleCi/Pods-CircleCi-resources.sh\"\n";
			showEnvVarsInLog = 0;
		};
		52D12AECA34E754287F071CF /* [CP] Embed Pods Frameworks */ = {
			isa = PBXShellScriptBuildPhase;
			buildActionMask = 2147483647;
			files = (
			);
			inputPaths = (
			);
			name = "[CP] Embed Pods Frameworks";
			outputPaths = (
			);
			runOnlyForDeploymentPostprocessing = 0;
			shellPath = /bin/sh;
			shellScript = "\"${SRCROOT}/Pods/Target Support Files/Pods-CircleCiUITests/Pods-CircleCiUITests-frameworks.sh\"\n";
			showEnvVarsInLog = 0;
		};
		5844526872B4964358078273 /* [CP] Check Pods Manifest.lock */ = {
			isa = PBXShellScriptBuildPhase;
			buildActionMask = 2147483647;
			files = (
			);
			inputPaths = (
			);
			name = "[CP] Check Pods Manifest.lock";
			outputPaths = (
			);
			runOnlyForDeploymentPostprocessing = 0;
			shellPath = /bin/sh;
			shellScript = "diff \"${PODS_ROOT}/../Podfile.lock\" \"${PODS_ROOT}/Manifest.lock\" > /dev/null\nif [ $? != 0 ] ; then\n    # print error to STDERR\n    echo \"error: The sandbox is not in sync with the Podfile.lock. Run 'pod install' or update your CocoaPods installation.\" >&2\n    exit 1\nfi\n";
			showEnvVarsInLog = 0;
		};
		99696C925227746EC0ABB02D /* [CP] Embed Pods Frameworks */ = {
			isa = PBXShellScriptBuildPhase;
			buildActionMask = 2147483647;
			files = (
			);
			inputPaths = (
			);
			name = "[CP] Embed Pods Frameworks";
			outputPaths = (
			);
			runOnlyForDeploymentPostprocessing = 0;
			shellPath = /bin/sh;
			shellScript = "\"${SRCROOT}/Pods/Target Support Files/Pods-CircleCiTests/Pods-CircleCiTests-frameworks.sh\"\n";
			showEnvVarsInLog = 0;
		};
		A72F286B628EB47870A8ED8C /* [CP] Embed Pods Frameworks */ = {
			isa = PBXShellScriptBuildPhase;
			buildActionMask = 2147483647;
			files = (
			);
			inputPaths = (
			);
			name = "[CP] Embed Pods Frameworks";
			outputPaths = (
			);
			runOnlyForDeploymentPostprocessing = 0;
			shellPath = /bin/sh;
			shellScript = "\"${SRCROOT}/Pods/Target Support Files/Pods-CircleCi/Pods-CircleCi-frameworks.sh\"\n";
			showEnvVarsInLog = 0;
		};
		AF4BB40C9950CD5FD0C50E7A /* [CP] Copy Pods Resources */ = {
			isa = PBXShellScriptBuildPhase;
			buildActionMask = 2147483647;
			files = (
			);
			inputPaths = (
			);
			name = "[CP] Copy Pods Resources";
			outputPaths = (
			);
			runOnlyForDeploymentPostprocessing = 0;
			shellPath = /bin/sh;
			shellScript = "\"${SRCROOT}/Pods/Target Support Files/Pods-CircleCiUITests/Pods-CircleCiUITests-resources.sh\"\n";
			showEnvVarsInLog = 0;
		};
		CD2CBAE942020DA8F8267F0C /* [CP] Copy Pods Resources */ = {
			isa = PBXShellScriptBuildPhase;
			buildActionMask = 2147483647;
			files = (
			);
			inputPaths = (
			);
			name = "[CP] Copy Pods Resources";
			outputPaths = (
			);
			runOnlyForDeploymentPostprocessing = 0;
			shellPath = /bin/sh;
			shellScript = "\"${SRCROOT}/Pods/Target Support Files/Pods-CircleCiTests/Pods-CircleCiTests-resources.sh\"\n";
			showEnvVarsInLog = 0;
		};
/* End PBXShellScriptBuildPhase section */

/* Begin PBXSourcesBuildPhase section */
		5657A3FE1BFB536A00EBA81E /* Sources */ = {
			isa = PBXSourcesBuildPhase;
			buildActionMask = 2147483647;
			files = (
				5657A43F1BFDE8D800EBA81E /* Commit.swift in Sources */,
				5657A43D1BFDE8D800EBA81E /* BuildStep.swift in Sources */,
				5657A4411BFDE8D800EBA81E /* Project.swift in Sources */,
				3A5AD6601BFF609500A9C7F2 /* CircleApiService.swift in Sources */,
				5657A4401BFDE8D800EBA81E /* Node.swift in Sources */,
				5657A4081BFB536A00EBA81E /* ViewController.swift in Sources */,
				5657A44E1BFF6E3000EBA81E /* UIAlertControllerManager.swift in Sources */,
				3ABE47C51C087E7E0013ED3B /* SettingsViewController.swift in Sources */,
				3ABE47C71C087FFA0013ED3B /* LocalStorageManager.swift in Sources */,
				5657A43A1BFDE8D800EBA81E /* Branch.swift in Sources */,
				5657A43B1BFDE8D800EBA81E /* Build.swift in Sources */,
				5657A44C1BFF3BB600EBA81E /* BuildCollectionViewCell.swift in Sources */,
				3ABE47C31C04BDDE0013ED3B /* Extensions.swift in Sources */,
				5657A43C1BFDE8D800EBA81E /* BuildAction.swift in Sources */,
				5657A4061BFB536A00EBA81E /* AppDelegate.swift in Sources */,
				3A5AD65C1BFF5FCA00A9C7F2 /* BuildViewModel.swift in Sources */,
				5657A4421BFDE8D800EBA81E /* User.swift in Sources */,
			);
			runOnlyForDeploymentPostprocessing = 0;
		};
		5657A40F1BFB536A00EBA81E /* Sources */ = {
			isa = PBXSourcesBuildPhase;
			buildActionMask = 2147483647;
			files = (
				5657A4181BFB536B00EBA81E /* CircleCiTests.swift in Sources */,
			);
			runOnlyForDeploymentPostprocessing = 0;
		};
		5657A41A1BFB536B00EBA81E /* Sources */ = {
			isa = PBXSourcesBuildPhase;
			buildActionMask = 2147483647;
			files = (
				5657A4231BFB536B00EBA81E /* CircleCiUITests.swift in Sources */,
			);
			runOnlyForDeploymentPostprocessing = 0;
		};
/* End PBXSourcesBuildPhase section */

/* Begin PBXTargetDependency section */
		5657A4151BFB536B00EBA81E /* PBXTargetDependency */ = {
			isa = PBXTargetDependency;
			target = 5657A4011BFB536A00EBA81E /* CircleCi */;
			targetProxy = 5657A4141BFB536B00EBA81E /* PBXContainerItemProxy */;
		};
		5657A4201BFB536B00EBA81E /* PBXTargetDependency */ = {
			isa = PBXTargetDependency;
			target = 5657A4011BFB536A00EBA81E /* CircleCi */;
			targetProxy = 5657A41F1BFB536B00EBA81E /* PBXContainerItemProxy */;
		};
/* End PBXTargetDependency section */

/* Begin PBXVariantGroup section */
		5657A4091BFB536A00EBA81E /* Main.storyboard */ = {
			isa = PBXVariantGroup;
			children = (
				5657A40A1BFB536A00EBA81E /* Base */,
			);
			name = Main.storyboard;
			sourceTree = "<group>";
		};
/* End PBXVariantGroup section */

/* Begin XCBuildConfiguration section */
		5657A4251BFB536B00EBA81E /* Debug */ = {
			isa = XCBuildConfiguration;
			buildSettings = {
				ALWAYS_SEARCH_USER_PATHS = NO;
				CLANG_CXX_LANGUAGE_STANDARD = "gnu++0x";
				CLANG_CXX_LIBRARY = "libc++";
				CLANG_ENABLE_MODULES = YES;
				CLANG_ENABLE_OBJC_ARC = YES;
				CLANG_WARN_BOOL_CONVERSION = YES;
				CLANG_WARN_CONSTANT_CONVERSION = YES;
				CLANG_WARN_DIRECT_OBJC_ISA_USAGE = YES_ERROR;
				CLANG_WARN_EMPTY_BODY = YES;
				CLANG_WARN_ENUM_CONVERSION = YES;
				CLANG_WARN_INT_CONVERSION = YES;
				CLANG_WARN_OBJC_ROOT_CLASS = YES_ERROR;
				CLANG_WARN_UNREACHABLE_CODE = YES;
				CLANG_WARN__DUPLICATE_METHOD_MATCH = YES;
				COPY_PHASE_STRIP = NO;
				DEBUG_INFORMATION_FORMAT = dwarf;
				ENABLE_STRICT_OBJC_MSGSEND = YES;
				ENABLE_TESTABILITY = YES;
				GCC_C_LANGUAGE_STANDARD = gnu99;
				GCC_DYNAMIC_NO_PIC = NO;
				GCC_NO_COMMON_BLOCKS = YES;
				GCC_OPTIMIZATION_LEVEL = 0;
				GCC_PREPROCESSOR_DEFINITIONS = (
					"DEBUG=1",
					"$(inherited)",
				);
				GCC_WARN_64_TO_32_BIT_CONVERSION = YES;
				GCC_WARN_ABOUT_RETURN_TYPE = YES_ERROR;
				GCC_WARN_UNDECLARED_SELECTOR = YES;
				GCC_WARN_UNINITIALIZED_AUTOS = YES_AGGRESSIVE;
				GCC_WARN_UNUSED_FUNCTION = YES;
				GCC_WARN_UNUSED_VARIABLE = YES;
				MTL_ENABLE_DEBUG_INFO = YES;
				ONLY_ACTIVE_ARCH = YES;
				SDKROOT = appletvos;
				SWIFT_OPTIMIZATION_LEVEL = "-Onone";
				TARGETED_DEVICE_FAMILY = 3;
				TVOS_DEPLOYMENT_TARGET = 9.0;
			};
			name = Debug;
		};
		5657A4261BFB536B00EBA81E /* Release */ = {
			isa = XCBuildConfiguration;
			buildSettings = {
				ALWAYS_SEARCH_USER_PATHS = NO;
				CLANG_CXX_LANGUAGE_STANDARD = "gnu++0x";
				CLANG_CXX_LIBRARY = "libc++";
				CLANG_ENABLE_MODULES = YES;
				CLANG_ENABLE_OBJC_ARC = YES;
				CLANG_WARN_BOOL_CONVERSION = YES;
				CLANG_WARN_CONSTANT_CONVERSION = YES;
				CLANG_WARN_DIRECT_OBJC_ISA_USAGE = YES_ERROR;
				CLANG_WARN_EMPTY_BODY = YES;
				CLANG_WARN_ENUM_CONVERSION = YES;
				CLANG_WARN_INT_CONVERSION = YES;
				CLANG_WARN_OBJC_ROOT_CLASS = YES_ERROR;
				CLANG_WARN_UNREACHABLE_CODE = YES;
				CLANG_WARN__DUPLICATE_METHOD_MATCH = YES;
				COPY_PHASE_STRIP = NO;
				DEBUG_INFORMATION_FORMAT = "dwarf-with-dsym";
				ENABLE_NS_ASSERTIONS = NO;
				ENABLE_STRICT_OBJC_MSGSEND = YES;
				GCC_C_LANGUAGE_STANDARD = gnu99;
				GCC_NO_COMMON_BLOCKS = YES;
				GCC_WARN_64_TO_32_BIT_CONVERSION = YES;
				GCC_WARN_ABOUT_RETURN_TYPE = YES_ERROR;
				GCC_WARN_UNDECLARED_SELECTOR = YES;
				GCC_WARN_UNINITIALIZED_AUTOS = YES_AGGRESSIVE;
				GCC_WARN_UNUSED_FUNCTION = YES;
				GCC_WARN_UNUSED_VARIABLE = YES;
				MTL_ENABLE_DEBUG_INFO = NO;
				SDKROOT = appletvos;
				TARGETED_DEVICE_FAMILY = 3;
				TVOS_DEPLOYMENT_TARGET = 9.0;
				VALIDATE_PRODUCT = YES;
			};
			name = Release;
		};
		5657A4281BFB536B00EBA81E /* Debug */ = {
			isa = XCBuildConfiguration;
			baseConfigurationReference = BF1517B43CAFE43A78AAC7B2 /* Pods-CircleCi.debug.xcconfig */;
			buildSettings = {
				ASSETCATALOG_COMPILER_APPICON_NAME = "App Icon & Top Shelf Image";
				ASSETCATALOG_COMPILER_LAUNCHIMAGE_NAME = LaunchImage;
				CLANG_ENABLE_MODULES = YES;
				CODE_SIGN_IDENTITY = "iPhone Developer";
				"CODE_SIGN_IDENTITY[sdk=appletvos*]" = "iPhone Distribution";
				DEVELOPMENT_TEAM = LFS8E76U8X;
				HEADER_SEARCH_PATHS = "";
				INFOPLIST_FILE = CircleCi/Info.plist;
				LD_RUNPATH_SEARCH_PATHS = "$(inherited) @executable_path/Frameworks";
				PRODUCT_BUNDLE_IDENTIFIER = "com.chacksfield-pugh.circleci";
				PRODUCT_NAME = "$(TARGET_NAME)";
				PROVISIONING_PROFILE = "44f8bd6f-3805-44c1-9c79-30f18b8c6eaf";
				PROVISIONING_PROFILE_SPECIFIER = GregPughCircleCiProfile;
				SWIFT_INSTALL_OBJC_HEADER = NO;
				SWIFT_OBJC_BRIDGING_HEADER = "";
				SWIFT_OBJC_INTERFACE_HEADER_NAME = "";
				SWIFT_OPTIMIZATION_LEVEL = "-Onone";
				SWIFT_VERSION = 3.0;
				TVOS_DEPLOYMENT_TARGET = 9.2;
			};
			name = Debug;
		};
		5657A4291BFB536B00EBA81E /* Release */ = {
			isa = XCBuildConfiguration;
			baseConfigurationReference = 6E74CB21A3069C08F72D9CE6 /* Pods-CircleCi.release.xcconfig */;
			buildSettings = {
				ASSETCATALOG_COMPILER_APPICON_NAME = "App Icon & Top Shelf Image";
				ASSETCATALOG_COMPILER_LAUNCHIMAGE_NAME = LaunchImage;
				CLANG_ENABLE_MODULES = YES;
				CODE_SIGN_IDENTITY = "iPhone Distribution: Greg Pugh (LFS8E76U8X)";
				"CODE_SIGN_IDENTITY[sdk=appletvos*]" = "iPhone Distribution: Greg Pugh (LFS8E76U8X)";
				HEADER_SEARCH_PATHS = "";
				INFOPLIST_FILE = CircleCi/Info.plist;
				LD_RUNPATH_SEARCH_PATHS = "$(inherited) @executable_path/Frameworks";
				PRODUCT_BUNDLE_IDENTIFIER = "com.chacksfield-pugh.circleci";
				PRODUCT_NAME = "$(TARGET_NAME)";
				PROVISIONING_PROFILE = "44f8bd6f-3805-44c1-9c79-30f18b8c6eaf";
				SWIFT_INSTALL_OBJC_HEADER = NO;
				SWIFT_OBJC_BRIDGING_HEADER = "";
				SWIFT_OBJC_INTERFACE_HEADER_NAME = "";
				SWIFT_VERSION = 3.0;
				TVOS_DEPLOYMENT_TARGET = 9.2;
			};
			name = Release;
		};
		5657A42B1BFB536B00EBA81E /* Debug */ = {
			isa = XCBuildConfiguration;
			baseConfigurationReference = CF5FF3C8CB7C75F790A8B8D2 /* Pods-CircleCiTests.debug.xcconfig */;
			buildSettings = {
				BUNDLE_LOADER = "$(TEST_HOST)";
				INFOPLIST_FILE = CircleCiTests/Info.plist;
				LD_RUNPATH_SEARCH_PATHS = "$(inherited) @executable_path/Frameworks @loader_path/Frameworks";
				PRODUCT_BUNDLE_IDENTIFIER = com.marksandspencer.di.CircleCiTests;
				PRODUCT_NAME = "$(TARGET_NAME)";
				SWIFT_VERSION = 3.0;
				TEST_HOST = "$(BUILT_PRODUCTS_DIR)/CircleCi.app/CircleCi";
			};
			name = Debug;
		};
		5657A42C1BFB536B00EBA81E /* Release */ = {
			isa = XCBuildConfiguration;
			baseConfigurationReference = A7F772804311B48E8BDC18B2 /* Pods-CircleCiTests.release.xcconfig */;
			buildSettings = {
				BUNDLE_LOADER = "$(TEST_HOST)";
				INFOPLIST_FILE = CircleCiTests/Info.plist;
				LD_RUNPATH_SEARCH_PATHS = "$(inherited) @executable_path/Frameworks @loader_path/Frameworks";
				PRODUCT_BUNDLE_IDENTIFIER = com.marksandspencer.di.CircleCiTests;
				PRODUCT_NAME = "$(TARGET_NAME)";
				SWIFT_VERSION = 3.0;
				TEST_HOST = "$(BUILT_PRODUCTS_DIR)/CircleCi.app/CircleCi";
			};
			name = Release;
		};
		5657A42E1BFB536B00EBA81E /* Debug */ = {
			isa = XCBuildConfiguration;
			baseConfigurationReference = B1D673EEDFDA7A83332DE704 /* Pods-CircleCiUITests.debug.xcconfig */;
			buildSettings = {
				INFOPLIST_FILE = CircleCiUITests/Info.plist;
				LD_RUNPATH_SEARCH_PATHS = "$(inherited) @executable_path/Frameworks @loader_path/Frameworks";
				PRODUCT_BUNDLE_IDENTIFIER = com.marksandspencer.di.CircleCiUITests;
				PRODUCT_NAME = "$(TARGET_NAME)";
				SWIFT_VERSION = 3.0;
				TEST_TARGET_NAME = CircleCi;
				USES_XCTRUNNER = YES;
			};
			name = Debug;
		};
		5657A42F1BFB536B00EBA81E /* Release */ = {
			isa = XCBuildConfiguration;
			baseConfigurationReference = 2B4D31B7C17B3AEF80F0860E /* Pods-CircleCiUITests.release.xcconfig */;
			buildSettings = {
				INFOPLIST_FILE = CircleCiUITests/Info.plist;
				LD_RUNPATH_SEARCH_PATHS = "$(inherited) @executable_path/Frameworks @loader_path/Frameworks";
				PRODUCT_BUNDLE_IDENTIFIER = com.marksandspencer.di.CircleCiUITests;
				PRODUCT_NAME = "$(TARGET_NAME)";
				SWIFT_VERSION = 3.0;
				TEST_TARGET_NAME = CircleCi;
				USES_XCTRUNNER = YES;
			};
			name = Release;
		};
/* End XCBuildConfiguration section */

/* Begin XCConfigurationList section */
		5657A3FD1BFB536A00EBA81E /* Build configuration list for PBXProject "CircleCi" */ = {
			isa = XCConfigurationList;
			buildConfigurations = (
				5657A4251BFB536B00EBA81E /* Debug */,
				5657A4261BFB536B00EBA81E /* Release */,
			);
			defaultConfigurationIsVisible = 0;
			defaultConfigurationName = Release;
		};
		5657A4271BFB536B00EBA81E /* Build configuration list for PBXNativeTarget "CircleCi" */ = {
			isa = XCConfigurationList;
			buildConfigurations = (
				5657A4281BFB536B00EBA81E /* Debug */,
				5657A4291BFB536B00EBA81E /* Release */,
			);
			defaultConfigurationIsVisible = 0;
			defaultConfigurationName = Release;
		};
		5657A42A1BFB536B00EBA81E /* Build configuration list for PBXNativeTarget "CircleCiTests" */ = {
			isa = XCConfigurationList;
			buildConfigurations = (
				5657A42B1BFB536B00EBA81E /* Debug */,
				5657A42C1BFB536B00EBA81E /* Release */,
			);
			defaultConfigurationIsVisible = 0;
			defaultConfigurationName = Release;
		};
		5657A42D1BFB536B00EBA81E /* Build configuration list for PBXNativeTarget "CircleCiUITests" */ = {
			isa = XCConfigurationList;
			buildConfigurations = (
				5657A42E1BFB536B00EBA81E /* Debug */,
				5657A42F1BFB536B00EBA81E /* Release */,
			);
			defaultConfigurationIsVisible = 0;
			defaultConfigurationName = Release;
		};
/* End XCConfigurationList section */
	};
	rootObject = 5657A3FA1BFB536A00EBA81E /* Project object */;
}
